
Microsoft Visual Studio Solution File, Format Version 12.00
# Visual Studio Version 16
VisualStudioVersion = 16.0.29905.134
MinimumVisualStudioVersion = 10.0.40219.1
Project("{9A19103F-16F7-4668-BE54-9A1E7A4F7556}") = "cw4", "cw4.csproj", "{AC4467EE-DAD2-4816-ADF3-8CBC7551A134}"
EndProject
Global
	GlobalSection(SolutionConfigurationPlatforms) = preSolution
		Debug|Any CPU = Debug|Any CPU
		Release|Any CPU = Release|Any CPU
	EndGlobalSection
	GlobalSection(ProjectConfigurationPlatforms) = postSolution
		{AC4467EE-DAD2-4816-ADF3-8CBC7551A134}.Debug|Any CPU.ActiveCfg = Debug|Any CPU
		{AC4467EE-DAD2-4816-ADF3-8CBC7551A134}.Debug|Any CPU.Build.0 = Debug|Any CPU
		{AC4467EE-DAD2-4816-ADF3-8CBC7551A134}.Release|Any CPU.ActiveCfg = Release|Any CPU
		{AC4467EE-DAD2-4816-ADF3-8CBC7551A134}.Release|Any CPU.Build.0 = Release|Any CPU
	EndGlobalSection
	GlobalSection(SolutionProperties) = preSolution
		HideSolutionNode = FALSE
	EndGlobalSection
	GlobalSection(ExtensibilityGlobals) = postSolution
		SolutionGuid = {C64256CB-FD83-49D9-91BC-CF9E68448E97}
	EndGlobalSection
EndGlobal
